# This file is automatically @generated by Cargo.
# It is not intended for manual editing.
version = 4

[[package]]
name = "execution"
version = "0.1.0"
dependencies = [
 "expr",
 "physical-plan",
]

[[package]]
name = "expr"
version = "0.1.0"

[[package]]
name = "optimizer"
version = "0.1.0"
dependencies = [
 "expr",
]

[[package]]
name = "physical-plan"
version = "0.1.0"
dependencies = [
 "expr",
]

[[package]]
name = "query_opt"
version = "0.1.0"
dependencies = [
 "execution",
 "expr",
 "optimizer",
 "physical-plan",
]
